
Microsoft Visual Studio Solution File, Format Version 12.00
# Visual Studio 15
VisualStudioVersion = 15.0.27703.2000
MinimumVisualStudioVersion = 10.0.40219.1
Project("{FAE04EC0-301F-11D3-BF4B-00C04F79EFBC}") = "WarCardGame", "WarCardGame\WarCardGame.csproj", "{A3523F3E-742E-4131-BC99-4E6A59EBDB80}"
EndProject
Project("{FAE04EC0-301F-11D3-BF4B-00C04F79EFBC}") = "WarCardGame.Tests", "WarCardGame.Tests\WarCardGame.Tests.csproj", "{21B0D3FE-26EC-418D-A2A9-8B6BF5CB3715}"
EndProject
Global
	GlobalSection(SolutionConfigurationPlatforms) = preSolution
		Debug|Any CPU = Debug|Any CPU
		Release|Any CPU = Release|Any CPU
	EndGlobalSection
	GlobalSection(ProjectConfigurationPlatforms) = postSolution
		{A3523F3E-742E-4131-BC99-4E6A59EBDB80}.Debug|Any CPU.ActiveCfg = Debug|Any CPU
		{A3523F3E-742E-4131-BC99-4E6A59EBDB80}.Debug|Any CPU.Build.0 = Debug|Any CPU
		{A3523F3E-742E-4131-BC99-4E6A59EBDB80}.Release|Any CPU.ActiveCfg = Release|Any CPU
		{A3523F3E-742E-4131-BC99-4E6A59EBDB80}.Release|Any CPU.Build.0 = Release|Any CPU
		{21B0D3FE-26EC-418D-A2A9-8B6BF5CB3715}.Debug|Any CPU.ActiveCfg = Debug|Any CPU
		{21B0D3FE-26EC-418D-A2A9-8B6BF5CB3715}.Debug|Any CPU.Build.0 = Debug|Any CPU
		{21B0D3FE-26EC-418D-A2A9-8B6BF5CB3715}.Release|Any CPU.ActiveCfg = Release|Any CPU
		{21B0D3FE-26EC-418D-A2A9-8B6BF5CB3715}.Release|Any CPU.Build.0 = Release|Any CPU
	EndGlobalSection
	GlobalSection(SolutionProperties) = preSolution
		HideSolutionNode = FALSE
	EndGlobalSection
	GlobalSection(ExtensibilityGlobals) = postSolution
		SolutionGuid = {5D8A85B3-CB9E-4A25-8A7E-B337C113AC7C}
	EndGlobalSection
EndGlobal
